# Fully resolved Python environment for FireLens V1 development.
PyYAML==6.0.3
Pygments==2.20.0
annotated-doc==0.0.4
annotated-types==0.8.0
anyio==4.14.2
ast_serialize==0.6.0
certifi==2026.7.22
cffi==2.1.0
charset-normalizer==3.4.9
click==8.4.2
cryptography==50.0.0
fastapi==0.140.0
h11==0.16.0
httpcore==1.0.9
httpx==0.28.1
hypothesis==6.161.5
idna==3.18
iniconfig==2.3.0
librt==0.13.0
lxml==6.1.1
lxml-stubs==0.5.1
mypy==2.3.0
mypy_extensions==1.1.0
numpy==2.5.1
packaging==26.2
pathspec==1.1.1
pdfminer.six==20260107
pdfplumber==0.11.10
pillow==12.3.0
pluggy==1.6.0
pycparser==3.0
pydantic==2.13.4
pydantic_core==2.46.4
pypdf==6.15.0
pypdfium2==5.12.1
pyproj==3.7.2
pytest==9.1.1
ruff==0.16.0
sortedcontainers==2.4.0
shapely==2.1.2
starlette==1.3.1
types-PyYAML==6.0.12.20260724
types-shapely==2.1.0.20260728
typing-inspection==0.4.2
typing_extensions==4.16.0
uvicorn==0.51.0
